schema: '2.0'
stages:
  data_collection:
    cmd: python src/data_collection.py
    deps:
    - path: src/data_collection.py
      hash: md5
      md5: fc839a2bcc311a33310a6921366a1f41
      size: 259
    outs:
    - path: data/raw
      hash: md5
      md5: 1a5580f9c30c6630e8855d4b4fcf3890.dir
      size: 38996
      nfiles: 1
  data_pre:
    cmd: python src/data_prep.py
    deps:
    - path: data/raw/data.csv
      hash: md5
      md5: a475aa906655f6f83fadbd9a421873ae
      size: 38996
    - path: src/data_prep.py
      hash: md5
      md5: 1172eb467e03dcdd6efd95d622adfc08
      size: 1475
    outs:
    - path: data/processed/X_test.csv
      hash: md5
      md5: 09762e37eacfb00a4c36cb9c6d707433
      size: 78806
    - path: data/processed/X_train.csv
      hash: md5
      md5: 81b6ef3d1980e844e5f90eb680281ae1
      size: 183292
    - path: data/processed/y_test.csv
      hash: md5
      md5: 411c1556c89d5c5eadbd3c4f4873a8db
      size: 929
    - path: data/processed/y_train.csv
      hash: md5
      md5: a43ad8b9b6c08a180b857f89dfee8535
      size: 2156
  model_buid:
    cmd: python src/model_build.py
    deps:
    - path: data/processed
      hash: md5
      md5: f2849006d29e88813fea9c533eb3c668.dir
      size: 265237
      nfiles: 5
    - path: src/model_build.py
      hash: md5
      md5: 77b51a0e268f3814d3ff50f03a3ee42c
      size: 1136
    outs:
    - path: models/model.pkl
      hash: md5
      md5: cc597833c017ac394ffa8769dff216d5
      size: 961
  model_eval:
    cmd: python src/model_eval.py
    deps:
    - path: data/processed
      hash: md5
      md5: f2849006d29e88813fea9c533eb3c668.dir
      size: 265237
      nfiles: 5
    - path: models/model.pkl
      hash: md5
      md5: cc597833c017ac394ffa8769dff216d5
      size: 961
    - path: src/model_eval.py
      hash: md5
      md5: a2d7f7c72bc3e86284f40c0d233f9221
      size: 907
    outs:
    - path: metrics/metrics.csv
      hash: md5
      md5: 8ee289936f913f62b963d07af4c6a676
      size: 113
